
Microsoft Visual Studio Solution File, Format Version 12.00
# Visual Studio Version 17
VisualStudioVersion = 17.10.35013.160
MinimumVisualStudioVersion = 10.0.40219.1
Project("{FAE04EC0-301F-11D3-BF4B-00C04F79EFBC}") = "ApiUsersApplication", "ApiUsersApplication\ApiUsersApplication.csproj", "{72A1CC2B-05C4-4DF4-9084-D2E39727E4B9}"
EndProject
Global
	GlobalSection(SolutionConfigurationPlatforms) = preSolution
		Debug|Any CPU = Debug|Any CPU
		Release|Any CPU = Release|Any CPU
	EndGlobalSection
	GlobalSection(ProjectConfigurationPlatforms) = postSolution
		{72A1CC2B-05C4-4DF4-9084-D2E39727E4B9}.Debug|Any CPU.ActiveCfg = Debug|Any CPU
		{72A1CC2B-05C4-4DF4-9084-D2E39727E4B9}.Debug|Any CPU.Build.0 = Debug|Any CPU
		{72A1CC2B-05C4-4DF4-9084-D2E39727E4B9}.Release|Any CPU.ActiveCfg = Release|Any CPU
		{72A1CC2B-05C4-4DF4-9084-D2E39727E4B9}.Release|Any CPU.Build.0 = Release|Any CPU
	EndGlobalSection
	GlobalSection(SolutionProperties) = preSolution
		HideSolutionNode = FALSE
	EndGlobalSection
	GlobalSection(ExtensibilityGlobals) = postSolution
		SolutionGuid = {7810D8C1-C83F-44F7-B2A0-1CD6081258BD}
	EndGlobalSection
EndGlobal
